
Microsoft Visual Studio Solution File, Format Version 12.00
# Visual Studio Version 17
VisualStudioVersion = 17.1.32210.238
MinimumVisualStudioVersion = 10.0.40219.1
Project("{8BC9CEB8-8B4A-11D0-8D11-00A0C91BC942}") = "Lab 5", "Lab 5\Lab 5.vcxproj", "{832B7801-71A1-49D5-94CD-B7D7C36CF66B}"
EndProject
Global
	GlobalSection(SolutionConfigurationPlatforms) = preSolution
		Debug|x64 = Debug|x64
		Debug|x86 = Debug|x86
		Release|x64 = Release|x64
		Release|x86 = Release|x86
	EndGlobalSection
	GlobalSection(ProjectConfigurationPlatforms) = postSolution
		{832B7801-71A1-49D5-94CD-B7D7C36CF66B}.Debug|x64.ActiveCfg = Debug|x64
		{832B7801-71A1-49D5-94CD-B7D7C36CF66B}.Debug|x64.Build.0 = Debug|x64
		{832B7801-71A1-49D5-94CD-B7D7C36CF66B}.Debug|x86.ActiveCfg = Debug|Win32
		{832B7801-71A1-49D5-94CD-B7D7C36CF66B}.Debug|x86.Build.0 = Debug|Win32
		{832B7801-71A1-49D5-94CD-B7D7C36CF66B}.Release|x64.ActiveCfg = Release|x64
		{832B7801-71A1-49D5-94CD-B7D7C36CF66B}.Release|x64.Build.0 = Release|x64
		{832B7801-71A1-49D5-94CD-B7D7C36CF66B}.Release|x86.ActiveCfg = Release|Win32
		{832B7801-71A1-49D5-94CD-B7D7C36CF66B}.Release|x86.Build.0 = Release|Win32
	EndGlobalSection
	GlobalSection(SolutionProperties) = preSolution
		HideSolutionNode = FALSE
	EndGlobalSection
	GlobalSection(ExtensibilityGlobals) = postSolution
		SolutionGuid = {74B1732B-E57B-4950-A9AE-5B036D0C91C6}
	EndGlobalSection
EndGlobal
